<?xml version="1.0" encoding="utf-8"?>
<Project ToolsVersion="4.0" xmlns="http://schemas.microsoft.com/developer/msbuild/2003">
  <ItemGroup>
    <Filter Include="Source Files">
      <UniqueIdentifier>{d24d27bf-9e54-4ff0-9b86-5ac934576275}</UniqueIdentifier>
      <Extensions>cpp;c;cxx;rc;def;r;odl;idl;hpj;bat</Extensions>
    </Filter>
    <Filter Include="Header Files">
      <UniqueIdentifier>{39b59eae-0c5a-42f3-97ff-d689debc88b3}</UniqueIdentifier>
      <Extensions>h;hpp;hxx;hm;inl</Extensions>
    </Filter>
    <Filter Include="Resource Files">
      <UniqueIdentifier>{449b8121-2e8c-4f5f-b069-2935e1cd7c91}</UniqueIdentifier>
      <Extensions>ico;cur;bmp;dlg;rc2;rct;bin;rgs;gif;jpg;jpeg;jpe</Extensions>
    </Filter>
  </ItemGroup>
  <ItemGroup>
    <ClCompile Include="actor.cpp">
      <Filter>Source Files</Filter>
    </ClCompile>
    <ClCompile Include="ammo.cpp">
      <Filter>Source Files</Filter>
    </ClCompile>
    <ClCompile Include="animate.cpp">
      <Filter>Source Files</Filter>
    </ClCompile>
    <ClCompile Include="archive.cpp">
      <Filter>Source Files</Filter>
    </ClCompile>
    <ClCompile Include="armor.cpp">
      <Filter>Source Files</Filter>
    </ClCompile>
    <ClCompile Include="beam.cpp">
      <Filter>Source Files</Filter>
    </ClCompile>
    <ClCompile Include="behavior.cpp">
      <Filter>Source Files</Filter>
    </ClCompile>
    <ClCompile Include="bg_misc.c">
      <Filter>Source Files</Filter>
    </ClCompile>
    <ClCompile Include="bg_pmove.c">
      <Filter>Source Files</Filter>
    </ClCompile>
    <ClCompile Include="bspline.cpp">
      <Filter>Source Files</Filter>
    </ClCompile>
    <ClCompile Include="camera.cpp">
      <Filter>Source Files</Filter>
    </ClCompile>
    <ClCompile Include="characterstate.cpp">
      <Filter>Source Files</Filter>
    </ClCompile>
    <ClCompile Include="class.cpp">
      <Filter>Source Files</Filter>
    </ClCompile>
    <ClCompile Include="clusterbomb.cpp">
      <Filter>Source Files</Filter>
    </ClCompile>
    <ClCompile Include="crossbow.cpp">
      <Filter>Source Files</Filter>
    </ClCompile>
    <ClCompile Include="debuglines.cpp">
      <Filter>Source Files</Filter>
    </ClCompile>
    <ClCompile Include="decals.cpp">
      <Filter>Source Files</Filter>
    </ClCompile>
    <ClCompile Include="doors.cpp">
      <Filter>Source Files</Filter>
    </ClCompile>
    <ClCompile Include="earthquake.cpp">
      <Filter>Source Files</Filter>
    </ClCompile>
    <ClCompile Include="edenwater.cpp">
      <Filter>Source Files</Filter>
    </ClCompile>
    <ClCompile Include="entity.cpp">
      <Filter>Source Files</Filter>
    </ClCompile>
    <ClCompile Include="explosion.cpp">
      <Filter>Source Files</Filter>
    </ClCompile>
    <ClCompile Include="flamethrower.cpp">
      <Filter>Source Files</Filter>
    </ClCompile>
    <ClCompile Include="flashbang.cpp">
      <Filter>Source Files</Filter>
    </ClCompile>
    <ClCompile Include="g_main.cpp">
      <Filter>Source Files</Filter>
    </ClCompile>
    <ClCompile Include="g_phys.cpp">
      <Filter>Source Files</Filter>
    </ClCompile>
    <ClCompile Include="g_spawn.cpp">
      <Filter>Source Files</Filter>
    </ClCompile>
    <ClCompile Include="g_utils.cpp">
      <Filter>Source Files</Filter>
    </ClCompile>
    <ClCompile Include="game.cpp">
      <Filter>Source Files</Filter>
    </ClCompile>
    <ClCompile Include="gamecmds.cpp">
      <Filter>Source Files</Filter>
    </ClCompile>
    <ClCompile Include="gamecvars.cpp">
      <Filter>Source Files</Filter>
    </ClCompile>
    <ClCompile Include="gamescript.cpp">
      <Filter>Source Files</Filter>
    </ClCompile>
    <ClCompile Include="gibs.cpp">
      <Filter>Source Files</Filter>
    </ClCompile>
    <ClCompile Include="goo.cpp">
      <Filter>Source Files</Filter>
    </ClCompile>
    <ClCompile Include="gravpath.cpp">
      <Filter>Source Files</Filter>
    </ClCompile>
    <ClCompile Include="health.cpp">
      <Filter>Source Files</Filter>
    </ClCompile>
    <ClCompile Include="hornofconjuring.cpp">
      <Filter>Source Files</Filter>
    </ClCompile>
    <ClCompile Include="inventoryitem.cpp">
      <Filter>Source Files</Filter>
    </ClCompile>
    <ClCompile Include="ipfilter.cpp">
      <Filter>Source Files</Filter>
    </ClCompile>
    <ClCompile Include="item.cpp">
      <Filter>Source Files</Filter>
    </ClCompile>
    <ClCompile Include="level.cpp">
      <Filter>Source Files</Filter>
    </ClCompile>
    <ClCompile Include="light.cpp">
      <Filter>Source Files</Filter>
    </ClCompile>
    <ClCompile Include="listener.cpp">
      <Filter>Source Files</Filter>
    </ClCompile>
    <ClCompile Include="misc.cpp">
      <Filter>Source Files</Filter>
    </ClCompile>
    <ClCompile Include="mover.cpp">
      <Filter>Source Files</Filter>
    </ClCompile>
    <ClCompile Include="nature.cpp">
      <Filter>Source Files</Filter>
    </ClCompile>
    <ClCompile Include="navigate.cpp">
      <Filter>Source Files</Filter>
    </ClCompile>
    <ClCompile Include="object.cpp">
      <Filter>Source Files</Filter>
    </ClCompile>
    <ClCompile Include="path.cpp">
      <Filter>Source Files</Filter>
    </ClCompile>
    <ClCompile Include="player.cpp">
      <Filter>Source Files</Filter>
    </ClCompile>
    <ClCompile Include="player_combat.cpp">
      <Filter>Source Files</Filter>
    </ClCompile>
    <ClCompile Include="player_util.cpp">
      <Filter>Source Files</Filter>
    </ClCompile>
    <ClCompile Include="PlayerStart.cpp">
      <Filter>Source Files</Filter>
    </ClCompile>
    <ClCompile Include="portal.cpp">
      <Filter>Source Files</Filter>
    </ClCompile>
    <ClCompile Include="powerups.cpp">
      <Filter>Source Files</Filter>
    </ClCompile>
    <ClCompile Include="q_math.c">
      <Filter>Source Files</Filter>
    </ClCompile>
    <ClCompile Include="q_mathsys.c">
      <Filter>Source Files</Filter>
    </ClCompile>
    <ClCompile Include="q_shared.c">
      <Filter>Source Files</Filter>
    </ClCompile>
    <ClCompile Include="rope.cpp">
      <Filter>Source Files</Filter>
    </ClCompile>
    <ClCompile Include="script.cpp">
      <Filter>Source Files</Filter>
    </ClCompile>
    <ClCompile Include="scriptmaster.cpp">
      <Filter>Source Files</Filter>
    </ClCompile>
    <ClCompile Include="scriptslave.cpp">
      <Filter>Source Files</Filter>
    </ClCompile>
    <ClCompile Include="scriptvariable.cpp">
      <Filter>Source Files</Filter>
    </ClCompile>
    <ClCompile Include="sentient.cpp">
      <Filter>Source Files</Filter>
    </ClCompile>
    <ClCompile Include="shield.cpp">
      <Filter>Source Files</Filter>
    </ClCompile>
    <ClCompile Include="soulsucker.cpp">
      <Filter>Source Files</Filter>
    </ClCompile>
    <ClCompile Include="soundman.cpp">
      <Filter>Source Files</Filter>
    </ClCompile>
    <ClCompile Include="spawners.cpp">
      <Filter>Source Files</Filter>
    </ClCompile>
    <ClCompile Include="specialfx.cpp">
      <Filter>Source Files</Filter>
    </ClCompile>
    <ClCompile Include="steering.cpp">
      <Filter>Source Files</Filter>
    </ClCompile>
    <ClCompile Include="str.cpp">
      <Filter>Source Files</Filter>
    </ClCompile>
    <ClCompile Include="sword.cpp">
      <Filter>Source Files</Filter>
    </ClCompile>
    <ClCompile Include="trigger.cpp">
      <Filter>Source Files</Filter>
    </ClCompile>
    <ClCompile Include="vehicle.cpp">
      <Filter>Source Files</Filter>
    </ClCompile>
    <ClCompile Include="viewthing.cpp">
      <Filter>Source Files</Filter>
    </ClCompile>
    <ClCompile Include="weapon.cpp">
      <Filter>Source Files</Filter>
    </ClCompile>
    <ClCompile Include="weaputils.cpp">
      <Filter>Source Files</Filter>
    </ClCompile>
    <ClCompile Include="..\win32\win_bounds.cpp">
      <Filter>Source Files</Filter>
    </ClCompile>
    <ClCompile Include="worldspawn.cpp">
      <Filter>Source Files</Filter>
    </ClCompile>
  </ItemGroup>
  <ItemGroup>
    <ClInclude Include="actor.h">
      <Filter>Header Files</Filter>
    </ClInclude>
    <ClInclude Include="ammo.h">
      <Filter>Header Files</Filter>
    </ClInclude>
    <ClInclude Include="animate.h">
      <Filter>Header Files</Filter>
    </ClInclude>
    <ClInclude Include="archive.h">
      <Filter>Header Files</Filter>
    </ClInclude>
    <ClInclude Include="armor.h">
      <Filter>Header Files</Filter>
    </ClInclude>
    <ClInclude Include="beam.h">
      <Filter>Header Files</Filter>
    </ClInclude>
    <ClInclude Include="behavior.h">
      <Filter>Header Files</Filter>
    </ClInclude>
    <ClInclude Include="bg_local.h">
      <Filter>Header Files</Filter>
    </ClInclude>
    <ClInclude Include="bg_public.h">
      <Filter>Header Files</Filter>
    </ClInclude>
    <ClInclude Include="bspline.h">
      <Filter>Header Files</Filter>
    </ClInclude>
    <ClInclude Include="camera.h">
      <Filter>Header Files</Filter>
    </ClInclude>
    <ClInclude Include="characterstate.h">
      <Filter>Header Files</Filter>
    </ClInclude>
    <ClInclude Include="class.h">
      <Filter>Header Files</Filter>
    </ClInclude>
    <ClInclude Include="clusterbomb.h">
      <Filter>Header Files</Filter>
    </ClInclude>
    <ClInclude Include="container.h">
      <Filter>Header Files</Filter>
    </ClInclude>
    <ClInclude Include="crossbow.h">
      <Filter>Header Files</Filter>
    </ClInclude>
    <ClInclude Include="debuglines.h">
      <Filter>Header Files</Filter>
    </ClInclude>
    <ClInclude Include="decals.h">
      <Filter>Header Files</Filter>
    </ClInclude>
    <ClInclude Include="doors.h">
      <Filter>Header Files</Filter>
    </ClInclude>
    <ClInclude Include="earthquake.h">
      <Filter>Header Files</Filter>
    </ClInclude>
    <ClInclude Include="edenwater.h">
      <Filter>Header Files</Filter>
    </ClInclude>
    <ClInclude Include="entity.h">
      <Filter>Header Files</Filter>
    </ClInclude>
    <ClInclude Include="explosion.h">
      <Filter>Header Files</Filter>
    </ClInclude>
    <ClInclude Include="flamethrower.h">
      <Filter>Header Files</Filter>
    </ClInclude>
    <ClInclude Include="flashbang.h">
      <Filter>Header Files</Filter>
    </ClInclude>
    <ClInclude Include="g_local.h">
      <Filter>Header Files</Filter>
    </ClInclude>
    <ClInclude Include="g_main.h">
      <Filter>Header Files</Filter>
    </ClInclude>
    <ClInclude Include="g_phys.h">
      <Filter>Header Files</Filter>
    </ClInclude>
    <ClInclude Include="g_public.h">
      <Filter>Header Files</Filter>
    </ClInclude>
    <ClInclude Include="g_spawn.h">
      <Filter>Header Files</Filter>
    </ClInclude>
    <ClInclude Include="g_utils.h">
      <Filter>Header Files</Filter>
    </ClInclude>
    <ClInclude Include="game.h">
      <Filter>Header Files</Filter>
    </ClInclude>
    <ClInclude Include="gamecmds.h">
      <Filter>Header Files</Filter>
    </ClInclude>
    <ClInclude Include="gamecvars.h">
      <Filter>Header Files</Filter>
    </ClInclude>
    <ClInclude Include="gamescript.h">
      <Filter>Header Files</Filter>
    </ClInclude>
    <ClInclude Include="gibs.h">
      <Filter>Header Files</Filter>
    </ClInclude>
    <ClInclude Include="goo.h">
      <Filter>Header Files</Filter>
    </ClInclude>
    <ClInclude Include="gravpath.h">
      <Filter>Header Files</Filter>
    </ClInclude>
    <ClInclude Include="health.h">
      <Filter>Header Files</Filter>
    </ClInclude>
    <ClInclude Include="hornofconjuring.h">
      <Filter>Header Files</Filter>
    </ClInclude>
    <ClInclude Include="inventoryitem.h">
      <Filter>Header Files</Filter>
    </ClInclude>
    <ClInclude Include="ipfilter.h">
      <Filter>Header Files</Filter>
    </ClInclude>
    <ClInclude Include="item.h">
      <Filter>Header Files</Filter>
    </ClInclude>
    <ClInclude Include="level.h">
      <Filter>Header Files</Filter>
    </ClInclude>
    <ClInclude Include="light.h">
      <Filter>Header Files</Filter>
    </ClInclude>
    <ClInclude Include="Linklist.h">
      <Filter>Header Files</Filter>
    </ClInclude>
    <ClInclude Include="listener.h">
      <Filter>Header Files</Filter>
    </ClInclude>
    <ClInclude Include="misc.h">
      <Filter>Header Files</Filter>
    </ClInclude>
    <ClInclude Include="mover.h">
      <Filter>Header Files</Filter>
    </ClInclude>
    <ClInclude Include="nature.h">
      <Filter>Header Files</Filter>
    </ClInclude>
    <ClInclude Include="navigate.h">
      <Filter>Header Files</Filter>
    </ClInclude>
    <ClInclude Include="object.h">
      <Filter>Header Files</Filter>
    </ClInclude>
    <ClInclude Include="path.h">
      <Filter>Header Files</Filter>
    </ClInclude>
    <ClInclude Include="player.h">
      <Filter>Header Files</Filter>
    </ClInclude>
    <ClInclude Include="PlayerStart.h">
      <Filter>Header Files</Filter>
    </ClInclude>
    <ClInclude Include="portal.h">
      <Filter>Header Files</Filter>
    </ClInclude>
    <ClInclude Include="powerups.h">
      <Filter>Header Files</Filter>
    </ClInclude>
    <ClInclude Include="q_shared.h">
      <Filter>Header Files</Filter>
    </ClInclude>
    <ClInclude Include="queue.h">
      <Filter>Header Files</Filter>
    </ClInclude>
    <ClInclude Include="rope.h">
      <Filter>Header Files</Filter>
    </ClInclude>
    <ClInclude Include="script.h">
      <Filter>Header Files</Filter>
    </ClInclude>
    <ClInclude Include="scriptmaster.h">
      <Filter>Header Files</Filter>
    </ClInclude>
    <ClInclude Include="scriptslave.h">
      <Filter>Header Files</Filter>
    </ClInclude>
    <ClInclude Include="scriptvariable.h">
      <Filter>Header Files</Filter>
    </ClInclude>
    <ClInclude Include="sentient.h">
      <Filter>Header Files</Filter>
    </ClInclude>
    <ClInclude Include="shield.h">
      <Filter>Header Files</Filter>
    </ClInclude>
    <ClInclude Include="soulsucker.h">
      <Filter>Header Files</Filter>
    </ClInclude>
    <ClInclude Include="soundman.h">
      <Filter>Header Files</Filter>
    </ClInclude>
    <ClInclude Include="spawners.h">
      <Filter>Header Files</Filter>
    </ClInclude>
    <ClInclude Include="specialfx.h">
      <Filter>Header Files</Filter>
    </ClInclude>
    <ClInclude Include="stack.h">
      <Filter>Header Files</Filter>
    </ClInclude>
    <ClInclude Include="steering.h">
      <Filter>Header Files</Filter>
    </ClInclude>
    <ClInclude Include="str.h">
      <Filter>Header Files</Filter>
    </ClInclude>
    <ClInclude Include="surfaceflags.h">
      <Filter>Header Files</Filter>
    </ClInclude>
    <ClInclude Include="sword.h">
      <Filter>Header Files</Filter>
    </ClInclude>
    <ClInclude Include="trigger.h">
      <Filter>Header Files</Filter>
    </ClInclude>
    <ClInclude Include="umap.h">
      <Filter>Header Files</Filter>
    </ClInclude>
    <ClInclude Include="vector.h">
      <Filter>Header Files</Filter>
    </ClInclude>
    <ClInclude Include="vehicle.h">
      <Filter>Header Files</Filter>
    </ClInclude>
    <ClInclude Include="viewthing.h">
      <Filter>Header Files</Filter>
    </ClInclude>
    <ClInclude Include="weapon.h">
      <Filter>Header Files</Filter>
    </ClInclude>
    <ClInclude Include="weaputils.h">
      <Filter>Header Files</Filter>
    </ClInclude>
    <ClInclude Include="worldspawn.h">
      <Filter>Header Files</Filter>
    </ClInclude>
  </ItemGroup>
  <ItemGroup>
    <CustomBuild Include="game.def">
      <Filter>Source Files</Filter>
    </CustomBuild>
  </ItemGroup>
</Project>