<?xml version="1.0" encoding="utf-8"?>
<Project ToolsVersion="4.0" xmlns="http://schemas.microsoft.com/developer/msbuild/2003">
  <ItemGroup>
    <Filter Include="Source Files">
      <UniqueIdentifier>{e657c5bc-aad0-448a-a446-05daecd11922}</UniqueIdentifier>
      <Extensions>c</Extensions>
    </Filter>
    <Filter Include="Header Files">
      <UniqueIdentifier>{5d196adc-e43a-4b5e-bdfb-6d66edaf029d}</UniqueIdentifier>
      <Extensions>h</Extensions>
    </Filter>
  </ItemGroup>
  <ItemGroup>
    <ClCompile Include="..\fgame\bg_misc.c">
      <Filter>Source Files</Filter>
    </ClCompile>
    <ClCompile Include="..\fgame\bg_pmove.c">
      <Filter>Source Files</Filter>
    </ClCompile>
    <ClCompile Include="cg_beam.cpp">
      <Filter>Source Files</Filter>
    </ClCompile>
    <ClCompile Include="cg_commands.cpp">
      <Filter>Source Files</Filter>
    </ClCompile>
    <ClCompile Include="cg_consolecmds.c">
      <Filter>Source Files</Filter>
    </ClCompile>
    <ClCompile Include="cg_drawtools.cpp">
      <Filter>Source Files</Filter>
    </ClCompile>
    <ClCompile Include="cg_ents.c">
      <Filter>Source Files</Filter>
    </ClCompile>
    <ClCompile Include="cg_lightstyles.cpp">
      <Filter>Source Files</Filter>
    </ClCompile>
    <ClCompile Include="cg_main.c">
      <Filter>Source Files</Filter>
    </ClCompile>
    <ClCompile Include="cg_marks.c">
      <Filter>Source Files</Filter>
    </ClCompile>
    <ClCompile Include="cg_modelanim.c">
      <Filter>Source Files</Filter>
    </ClCompile>
    <ClCompile Include="cg_player.cpp">
      <Filter>Source Files</Filter>
    </ClCompile>
    <ClCompile Include="cg_playerstate.c">
      <Filter>Source Files</Filter>
    </ClCompile>
    <ClCompile Include="cg_predict.c">
      <Filter>Source Files</Filter>
    </ClCompile>
    <ClCompile Include="cg_servercmds.c">
      <Filter>Source Files</Filter>
    </ClCompile>
    <ClCompile Include="cg_snapshot.c">
      <Filter>Source Files</Filter>
    </ClCompile>
    <ClCompile Include="cg_sound.cpp">
      <Filter>Source Files</Filter>
    </ClCompile>
    <ClCompile Include="cg_specialfx.cpp">
      <Filter>Source Files</Filter>
    </ClCompile>
    <ClCompile Include="cg_swipe.cpp">
      <Filter>Source Files</Filter>
    </ClCompile>
    <ClCompile Include="cg_testemitter.cpp">
      <Filter>Source Files</Filter>
    </ClCompile>
    <ClCompile Include="cg_view.c">
      <Filter>Source Files</Filter>
    </ClCompile>
    <ClCompile Include="class.cpp">
      <Filter>Source Files</Filter>
    </ClCompile>
    <ClCompile Include="listener.cpp">
      <Filter>Source Files</Filter>
    </ClCompile>
    <ClCompile Include="..\fgame\q_math.c">
      <Filter>Source Files</Filter>
    </ClCompile>
    <ClCompile Include="..\fgame\q_mathsys.c">
      <Filter>Source Files</Filter>
    </ClCompile>
    <ClCompile Include="..\fgame\q_shared.c">
      <Filter>Source Files</Filter>
    </ClCompile>
    <ClCompile Include="script.cpp">
      <Filter>Source Files</Filter>
    </ClCompile>
    <ClCompile Include="str.cpp">
      <Filter>Source Files</Filter>
    </ClCompile>
    <ClCompile Include="..\win32\win_bounds.cpp">
      <Filter>Source Files</Filter>
    </ClCompile>
  </ItemGroup>
  <ItemGroup>
    <ClInclude Include="..\fgame\bg_local.h">
      <Filter>Header Files</Filter>
    </ClInclude>
    <ClInclude Include="..\fgame\bg_public.h">
      <Filter>Header Files</Filter>
    </ClInclude>
    <ClInclude Include="cg_commands.h">
      <Filter>Header Files</Filter>
    </ClInclude>
    <ClInclude Include="cg_local.h">
      <Filter>Header Files</Filter>
    </ClInclude>
    <ClInclude Include="cg_public.h">
      <Filter>Header Files</Filter>
    </ClInclude>
    <ClInclude Include="class.h">
      <Filter>Header Files</Filter>
    </ClInclude>
    <ClInclude Include="container.h">
      <Filter>Header Files</Filter>
    </ClInclude>
    <ClInclude Include="Linklist.h">
      <Filter>Header Files</Filter>
    </ClInclude>
    <ClInclude Include="listener.h">
      <Filter>Header Files</Filter>
    </ClInclude>
    <ClInclude Include="script.h">
      <Filter>Header Files</Filter>
    </ClInclude>
    <ClInclude Include="str.h">
      <Filter>Header Files</Filter>
    </ClInclude>
    <ClInclude Include="tr_types.h">
      <Filter>Header Files</Filter>
    </ClInclude>
    <ClInclude Include="vector.h">
      <Filter>Header Files</Filter>
    </ClInclude>
  </ItemGroup>
  <ItemGroup>
    <CustomBuild Include="cgame.def" />
  </ItemGroup>
</Project>